
Microsoft Visual Studio Solution File, Format Version 12.00
# Visual Studio Version 17
VisualStudioVersion = 17.9.34607.119
MinimumVisualStudioVersion = 10.0.40219.1
Project("{FAE04EC0-301F-11D3-BF4B-00C04F79EFBC}") = "Portfolio-Web", "Portfolio-Web\Portfolio-Web.csproj", "{00A91883-8F69-42AD-AF88-3E4DBEE88191}"
EndProject
Global
	GlobalSection(SolutionConfigurationPlatforms) = preSolution
		Debug|Any CPU = Debug|Any CPU
		Release|Any CPU = Release|Any CPU
	EndGlobalSection
	GlobalSection(ProjectConfigurationPlatforms) = postSolution
		{00A91883-8F69-42AD-AF88-3E4DBEE88191}.Debug|Any CPU.ActiveCfg = Debug|Any CPU
		{00A91883-8F69-42AD-AF88-3E4DBEE88191}.Debug|Any CPU.Build.0 = Debug|Any CPU
		{00A91883-8F69-42AD-AF88-3E4DBEE88191}.Release|Any CPU.ActiveCfg = Release|Any CPU
		{00A91883-8F69-42AD-AF88-3E4DBEE88191}.Release|Any CPU.Build.0 = Release|Any CPU
	EndGlobalSection
	GlobalSection(SolutionProperties) = preSolution
		HideSolutionNode = FALSE
	EndGlobalSection
	GlobalSection(ExtensibilityGlobals) = postSolution
		SolutionGuid = {AAD560C5-EE91-4208-8115-6B7C9E164C15}
	EndGlobalSection
EndGlobal
